{
  "requires": true,
  "lockfileVersion": 1,
  "dependencies": {
    "jquery": {
      "version": "3.3.1",
      "resolved": "https://registry.npmjs.org/jquery/-/jquery-3.3.1.tgz",
      "integrity": "sha512-Ubldcmxp5np52/ENotGxlLe6aGMvmF4R8S6tZjsP6Knsaxd/xp3Zrh50cG93lR6nPXyUFwzN3ZSOQI0wRJNdGg=="
    },
    "print-this": {
      "version": "1.14.1",
      "resolved": "https://registry.npmjs.org/print-this/-/print-this-1.14.1.tgz",
      "integrity": "sha512-9x62Kw7o43+cqluWkxVgkOCuVjHHwjwG7Ig98tBhLPExXczsL/Gal2f/EA9cF5M2Tzn1D2ki75y6dF536mIX8g==",
      "requires": {
        "jquery": ">=1.11"
      }
    }
  }
}
